{
  "name": "chromotome",
  "version": "1.17.4",
  "lockfileVersion": 1,
  "requires": true,
  "dependencies": {
    "@types/estree": {
      "version": "0.0.39",
      "resolved": "https://registry.npmjs.org/@types/estree/-/estree-0.0.39.tgz",
      "integrity": "sha512-EYNwp3bU+98cpU4lAWYYL7Zz+2gryWH1qbdDTidVd6hkiR6weksdbMadyXKXNPEkQFhXM+hVO9ZygomHXp+AIw==",
      "dev": true
    },
    "@types/node": {
      "version": "10.12.10",
      "resolved": "https://registry.npmjs.org/@types/node/-/node-10.12.10.tgz",
      "integrity": "sha512-8xZEYckCbUVgK8Eg7lf5Iy4COKJ5uXlnIOnePN0WUwSQggy9tolM+tDJf7wMOnT/JT/W9xDYIaYggt3mRV2O5w==",
      "dev": true
    },
    "rollup": {
      "version": "0.65.2",
      "resolved": "https://registry.npmjs.org/rollup/-/rollup-0.65.2.tgz",
      "integrity": "sha512-BbXOrpxVbx0MpElI6vVLR2B6vnWHvYU/QAMw3GcEXvs601bvgrozuaW30cnvt43B96a6DeoYA0i9T5THanN+Rw==",
      "dev": true,
      "requires": {
        "@types/estree": "0.0.39",
        "@types/node": "*"
      }
    }
  }
}
